
Microsoft Visual Studio Solution File, Format Version 12.00
# Visual Studio Version 17
VisualStudioVersion = 17.9.34616.47
MinimumVisualStudioVersion = 10.0.40219.1
Project("{FAE04EC0-301F-11D3-BF4B-00C04F79EFBC}") = "4-1", "4-1\4-1.csproj", "{D55C7698-B467-4245-9EDA-D2A7755A6AD2}"
EndProject
Global
	GlobalSection(SolutionConfigurationPlatforms) = preSolution
		Debug|Any CPU = Debug|Any CPU
		Release|Any CPU = Release|Any CPU
	EndGlobalSection
	GlobalSection(ProjectConfigurationPlatforms) = postSolution
		{D55C7698-B467-4245-9EDA-D2A7755A6AD2}.Debug|Any CPU.ActiveCfg = Debug|Any CPU
		{D55C7698-B467-4245-9EDA-D2A7755A6AD2}.Debug|Any CPU.Build.0 = Debug|Any CPU
		{D55C7698-B467-4245-9EDA-D2A7755A6AD2}.Release|Any CPU.ActiveCfg = Release|Any CPU
		{D55C7698-B467-4245-9EDA-D2A7755A6AD2}.Release|Any CPU.Build.0 = Release|Any CPU
	EndGlobalSection
	GlobalSection(SolutionProperties) = preSolution
		HideSolutionNode = FALSE
	EndGlobalSection
	GlobalSection(ExtensibilityGlobals) = postSolution
		SolutionGuid = {D42FF8A0-4054-4917-B737-E5E66669051E}
	EndGlobalSection
EndGlobal
